
Microsoft Visual Studio Solution File, Format Version 12.00
# Visual Studio Version 16
VisualStudioVersion = 16.0.29201.188
MinimumVisualStudioVersion = 10.0.40219.1
Project("{FAE04EC0-301F-11D3-BF4B-00C04F79EFBC}") = "Emu-Later", "Emu-Later\Emu-Later.csproj", "{38B4230D-F2E7-4289-9519-71A1DCD16356}"
EndProject
Project("{FAE04EC0-301F-11D3-BF4B-00C04F79EFBC}") = "Assemblers", "Assemblers\Assemblers.csproj", "{F24D7CE5-678B-46D0-B9B7-755B44D64FCF}"
EndProject
Global
	GlobalSection(SolutionConfigurationPlatforms) = preSolution
		Debug|Any CPU = Debug|Any CPU
		Release|Any CPU = Release|Any CPU
	EndGlobalSection
	GlobalSection(ProjectConfigurationPlatforms) = postSolution
		{38B4230D-F2E7-4289-9519-71A1DCD16356}.Debug|Any CPU.ActiveCfg = Debug|Any CPU
		{38B4230D-F2E7-4289-9519-71A1DCD16356}.Debug|Any CPU.Build.0 = Debug|Any CPU
		{38B4230D-F2E7-4289-9519-71A1DCD16356}.Release|Any CPU.ActiveCfg = Release|Any CPU
		{38B4230D-F2E7-4289-9519-71A1DCD16356}.Release|Any CPU.Build.0 = Release|Any CPU
		{F24D7CE5-678B-46D0-B9B7-755B44D64FCF}.Debug|Any CPU.ActiveCfg = Debug|Any CPU
		{F24D7CE5-678B-46D0-B9B7-755B44D64FCF}.Debug|Any CPU.Build.0 = Debug|Any CPU
		{F24D7CE5-678B-46D0-B9B7-755B44D64FCF}.Release|Any CPU.ActiveCfg = Release|Any CPU
		{F24D7CE5-678B-46D0-B9B7-755B44D64FCF}.Release|Any CPU.Build.0 = Release|Any CPU
	EndGlobalSection
	GlobalSection(SolutionProperties) = preSolution
		HideSolutionNode = FALSE
	EndGlobalSection
	GlobalSection(ExtensibilityGlobals) = postSolution
		SolutionGuid = {5D0B8C61-798E-42A9-B59B-5E22EA2D4569}
	EndGlobalSection
EndGlobal
